<?xml version="1.0" encoding="utf-8"?>
<Project ToolsVersion="4.0" xmlns="http://schemas.microsoft.com/developer/msbuild/2003">
  <ItemGroup>
    <ClCompile Include="src\RotatingObject.cpp" />
    <ClCompile Include="src\Application.cpp" />
    <ClCompile Include="src\Console.cpp" />
    <ClCompile Include="src\Drawable.cpp" />
    <ClCompile Include="src\GameObject.cpp" />
    <ClCompile Include="src\Main.cpp" />
    <ClCompile Include="src\Vector2.cpp" />
    <ClCompile Include="src\TextObject.cpp" />
    <ClCompile Include="src\Rectangle.cpp" />
    <ClCompile Include="src\Polygon.cpp" />
    <ClCompile Include="src\Laser.cpp" />
    <ClCompile Include="src\Ray.cpp" />
    <ClCompile Include="src\Collider.cpp" />
    <ClCompile Include="src\UIRect.cpp" />
    <ClCompile Include="src\Button.cpp" />
    <ClCompile Include="src\MovableObject.cpp" />
    <ClCompile Include="src\BobbingGameObject.cpp" />
    <ClCompile Include="src\NextLevelButton.cpp" />
    <ClCompile Include="src\Lerper.cpp" />
    <ClCompile Include="src\Levels\Level1.cpp" />
    <ClCompile Include="src\Level.cpp" />
    <ClCompile Include="src\HorizontalLayoutGroup.cpp" />
    <ClCompile Include="src\Levels\LevelMainMenu.cpp" />
    <ClCompile Include="src\MovableObjectButton.cpp" />
    <ClCompile Include="src\SoundManager.cpp" />
    <ClCompile Include="src\Levels\LevelEndMenu.cpp" />
    <ClCompile Include="src\Sensor.cpp" />
    <ClCompile Include="src\Levels\Level2.cpp" />
    <ClCompile Include="src\Levels\Level3.cpp" />
    <ClCompile Include="src\Levels\Level4.cpp" />
    <ClCompile Include="src\Levels\Level5.cpp" />
    <ClCompile Include="src\Levels\Debug.cpp" />
  </ItemGroup>
  <ItemGroup>
    <ClInclude Include="src\RotatingObject.h" />
    <ClInclude Include="src\Application.h" />
    <ClInclude Include="src\Console.h" />
    <ClInclude Include="src\Drawable.h" />
    <ClInclude Include="src\GameObject.h" />
    <ClInclude Include="src\Vector2.h" />
    <ClInclude Include="src\TextObject.h" />
    <ClInclude Include="src\Rectangle.h" />
    <ClInclude Include="src\Polygon.h" />
    <ClInclude Include="src\Laser.h" />
    <ClInclude Include="src\Ray.h" />
    <ClInclude Include="src\Collider.h" />
    <ClInclude Include="src\UIRect.h" />
    <ClInclude Include="src\Button.h" />
    <ClInclude Include="src\MovableObject.h" />
    <ClInclude Include="src\BobbingGameObject.h" />
    <ClInclude Include="src\NextLevelButton.h" />
    <ClInclude Include="src\Lerper.h" />
    <ClInclude Include="src\Levels\Level1.h" />
    <ClInclude Include="src\Level.h" />
    <ClInclude Include="src\HorizontalLayoutGroup.h" />
    <ClInclude Include="src\Levels\LevelMainMenu.h" />
    <ClInclude Include="src\MovableObjectButton.h" />
    <ClInclude Include="src\SoundManager.h" />
    <ClInclude Include="src\Levels\LevelEndMenu.h" />
    <ClInclude Include="src\Sensor.h" />
    <ClInclude Include="src\Levels\Level2.h" />
    <ClInclude Include="src\Levels\Level3.h" />
    <ClInclude Include="src\Levels\Level4.h" />
    <ClInclude Include="src\Levels\Level5.h" />
    <ClInclude Include="src\Levels\Debug.h" />
  </ItemGroup>
  <ItemGroup>
    <None Include=".gitignore" />
    <None Include="README.md" />
    <None Include="res\doc.md" />
  </ItemGroup>
  <ItemGroup>
    <Text Include="res\runtime.log" />
  </ItemGroup>
  <ItemGroup>
    <Media Include="res\sounds\click.wav" />
    <Media Include="res\sounds\laserLoop.wav" />
    <Media Include="res\sounds\nextLevel.wav" />
    <Media Include="res\sounds\nextLevel2.wav" />
    <Media Include="res\sounds\rotatingObjectLoop.wav" />
  </ItemGroup>
</Project>